
Microsoft Visual Studio Solution File, Format Version 12.00
# Visual Studio Version 17
VisualStudioVersion = 17.11.35222.181
MinimumVisualStudioVersion = 10.0.40219.1
Project("{FAE04EC0-301F-11D3-BF4B-00C04F79EFBC}") = "MoodUP_final", "MoodUP_final\MoodUP_final.csproj", "{08B64B13-C883-4E1E-9984-485223CEE6DA}"
EndProject
Global
	GlobalSection(SolutionConfigurationPlatforms) = preSolution
		Debug|Any CPU = Debug|Any CPU
		Release|Any CPU = Release|Any CPU
	EndGlobalSection
	GlobalSection(ProjectConfigurationPlatforms) = postSolution
		{08B64B13-C883-4E1E-9984-485223CEE6DA}.Debug|Any CPU.ActiveCfg = Debug|Any CPU
		{08B64B13-C883-4E1E-9984-485223CEE6DA}.Debug|Any CPU.Build.0 = Debug|Any CPU
		{08B64B13-C883-4E1E-9984-485223CEE6DA}.Release|Any CPU.ActiveCfg = Release|Any CPU
		{08B64B13-C883-4E1E-9984-485223CEE6DA}.Release|Any CPU.Build.0 = Release|Any CPU
	EndGlobalSection
	GlobalSection(SolutionProperties) = preSolution
		HideSolutionNode = FALSE
	EndGlobalSection
	GlobalSection(ExtensibilityGlobals) = postSolution
		SolutionGuid = {7D0169BD-444A-4C4D-8E6C-73BEBDA543A2}
	EndGlobalSection
EndGlobal
